
Microsoft Visual Studio Solution File, Format Version 12.00
# Visual Studio Version 17
VisualStudioVersion = 17.13.35507.96
MinimumVisualStudioVersion = 10.0.40219.1
Project("{FAE04EC0-301F-11D3-BF4B-00C04F79EFBC}") = "Quill", "Quill\Quill.csproj", "{F50D14B9-35C9-4B69-A0F6-CEF000579E74}"
EndProject
Project("{2150E333-8FDC-42A3-9474-1A3956D46DE8}") = "Samples", "Samples", "{02EA681E-C7D8-13C7-8484-4AC65E1B71E8}"
EndProject
Project("{FAE04EC0-301F-11D3-BF4B-00C04F79EFBC}") = "RaylibExample", "Samples\RaylibExample\RaylibExample.csproj", "{ED167564-D109-41B0-8AE8-38D7CD89116B}"
EndProject
Project("{D954291E-2A0B-460D-934E-DC6B0785DB48}") = "Common", "Samples\Common\Common.shproj", "{202268C2-7B7D-4D65-AC2D-78D662DB394A}"
EndProject
Project("{FAE04EC0-301F-11D3-BF4B-00C04F79EFBC}") = "OpenTKExample", "Samples\OpenTKExample\OpenTKExample.csproj", "{F2AF6274-A620-4446-B683-5847B27F5205}"
EndProject
Project("{FAE04EC0-301F-11D3-BF4B-00C04F79EFBC}") = "OpenTKSVG", "Samples\OpenTKSVG\OpenTKSVG.csproj", "{7FC6B017-9DAD-6678-E452-68C554A6A006}"
EndProject
Global
	GlobalSection(SolutionConfigurationPlatforms) = preSolution
		Debug|Any CPU = Debug|Any CPU
		Release|Any CPU = Release|Any CPU
	EndGlobalSection
	GlobalSection(ProjectConfigurationPlatforms) = postSolution
		{F50D14B9-35C9-4B69-A0F6-CEF000579E74}.Debug|Any CPU.ActiveCfg = Debug|Any CPU
		{F50D14B9-35C9-4B69-A0F6-CEF000579E74}.Debug|Any CPU.Build.0 = Debug|Any CPU
		{F50D14B9-35C9-4B69-A0F6-CEF000579E74}.Release|Any CPU.ActiveCfg = Release|Any CPU
		{F50D14B9-35C9-4B69-A0F6-CEF000579E74}.Release|Any CPU.Build.0 = Release|Any CPU
		{ED167564-D109-41B0-8AE8-38D7CD89116B}.Debug|Any CPU.ActiveCfg = Debug|Any CPU
		{ED167564-D109-41B0-8AE8-38D7CD89116B}.Debug|Any CPU.Build.0 = Debug|Any CPU
		{ED167564-D109-41B0-8AE8-38D7CD89116B}.Release|Any CPU.ActiveCfg = Release|Any CPU
		{ED167564-D109-41B0-8AE8-38D7CD89116B}.Release|Any CPU.Build.0 = Release|Any CPU
		{F2AF6274-A620-4446-B683-5847B27F5205}.Debug|Any CPU.ActiveCfg = Debug|Any CPU
		{F2AF6274-A620-4446-B683-5847B27F5205}.Debug|Any CPU.Build.0 = Debug|Any CPU
		{F2AF6274-A620-4446-B683-5847B27F5205}.Release|Any CPU.ActiveCfg = Release|Any CPU
		{F2AF6274-A620-4446-B683-5847B27F5205}.Release|Any CPU.Build.0 = Release|Any CPU
		{7FC6B017-9DAD-6678-E452-68C554A6A006}.Debug|Any CPU.ActiveCfg = Debug|Any CPU
		{7FC6B017-9DAD-6678-E452-68C554A6A006}.Debug|Any CPU.Build.0 = Debug|Any CPU
		{7FC6B017-9DAD-6678-E452-68C554A6A006}.Release|Any CPU.ActiveCfg = Release|Any CPU
		{7FC6B017-9DAD-6678-E452-68C554A6A006}.Release|Any CPU.Build.0 = Release|Any CPU
	EndGlobalSection
	GlobalSection(SolutionProperties) = preSolution
		HideSolutionNode = FALSE
	EndGlobalSection
	GlobalSection(NestedProjects) = preSolution
		{ED167564-D109-41B0-8AE8-38D7CD89116B} = {02EA681E-C7D8-13C7-8484-4AC65E1B71E8}
		{202268C2-7B7D-4D65-AC2D-78D662DB394A} = {02EA681E-C7D8-13C7-8484-4AC65E1B71E8}
		{F2AF6274-A620-4446-B683-5847B27F5205} = {02EA681E-C7D8-13C7-8484-4AC65E1B71E8}
		{7FC6B017-9DAD-6678-E452-68C554A6A006} = {02EA681E-C7D8-13C7-8484-4AC65E1B71E8}
	EndGlobalSection
	GlobalSection(ExtensibilityGlobals) = postSolution
		SolutionGuid = {EE2687F7-6251-4532-A73E-B5D45EF2D74E}
	EndGlobalSection
	GlobalSection(SharedMSBuildProjectFiles) = preSolution
		Samples\Common\Common.projitems*{202268c2-7b7d-4d65-ac2d-78d662db394a}*SharedItemsImports = 13
		Samples\Common\Common.projitems*{ed167564-d109-41b0-8ae8-38d7cd89116b}*SharedItemsImports = 5
		Samples\Common\Common.projitems*{f2af6274-a620-4446-b683-5847b27f5205}*SharedItemsImports = 5
	EndGlobalSection
EndGlobal
